// !$*UTF8*$!
{
	archiveVersion = 1;
	classes = {
	};
	objectVersion = 50;
	objects = {

/* Begin PBXBuildFile section */
		27D18B101026D0A478ED3920 /* Pods_Combine.framework in Frameworks */ = {isa = PBXBuildFile; fileRef = B084534AF3E96177665FAAA0 /* Pods_Combine.framework */; };
		2FDC3EB723F7B1CA00C1837B /* AppDelegate.swift in Sources */ = {isa = PBXBuildFile; fileRef = 2FDC3EB623F7B1CA00C1837B /* AppDelegate.swift */; };
		2FDC3EB923F7B1CA00C1837B /* SceneDelegate.swift in Sources */ = {isa = PBXBuildFile; fileRef = 2FDC3EB823F7B1CA00C1837B /* SceneDelegate.swift */; };
		2FDC3EBB23F7B1CA00C1837B /* ContentView.swift in Sources */ = {isa = PBXBuildFile; fileRef = 2FDC3EBA23F7B1CA00C1837B /* ContentView.swift */; };
		2FDC3EBD23F7B1CD00C1837B /* Assets.xcassets in Resources */ = {isa = PBXBuildFile; fileRef = 2FDC3EBC23F7B1CD00C1837B /* Assets.xcassets */; };
		2FDC3EC023F7B1CD00C1837B /* Preview Assets.xcassets in Resources */ = {isa = PBXBuildFile; fileRef = 2FDC3EBF23F7B1CD00C1837B /* Preview Assets.xcassets */; };
		2FDC3EC323F7B1CD00C1837B /* LaunchScreen.storyboard in Resources */ = {isa = PBXBuildFile; fileRef = 2FDC3EC123F7B1CD00C1837B /* LaunchScreen.storyboard */; };
/* End PBXBuildFile section */

/* Begin PBXFileReference section */
		2FDC3EB323F7B1CA00C1837B /* Combine.app */ = {isa = PBXFileReference; explicitFileType = wrapper.application; includeInIndex = 0; path = Combine.app; sourceTree = BUILT_PRODUCTS_DIR; };
		2FDC3EB623F7B1CA00C1837B /* AppDelegate.swift */ = {isa = PBXFileReference; lastKnownFileType = sourcecode.swift; path = AppDelegate.swift; sourceTree = "<group>"; };
		2FDC3EB823F7B1CA00C1837B /* SceneDelegate.swift */ = {isa = PBXFileReference; lastKnownFileType = sourcecode.swift; path = SceneDelegate.swift; sourceTree = "<group>"; };
		2FDC3EBA23F7B1CA00C1837B /* ContentView.swift */ = {isa = PBXFileReference; lastKnownFileType = sourcecode.swift; path = ContentView.swift; sourceTree = "<group>"; };
		2FDC3EBC23F7B1CD00C1837B /* Assets.xcassets */ = {isa = PBXFileReference; lastKnownFileType = folder.assetcatalog; path = Assets.xcassets; sourceTree = "<group>"; };
		2FDC3EBF23F7B1CD00C1837B /* Preview Assets.xcassets */ = {isa = PBXFileReference; lastKnownFileType = folder.assetcatalog; path = "Preview Assets.xcassets"; sourceTree = "<group>"; };
		2FDC3EC223F7B1CD00C1837B /* Base */ = {isa = PBXFileReference; lastKnownFileType = file.storyboard; name = Base; path = Base.lproj/LaunchScreen.storyboard; sourceTree = "<group>"; };
		2FDC3EC423F7B1CD00C1837B /* Info.plist */ = {isa = PBXFileReference; lastKnownFileType = text.plist.xml; path = Info.plist; sourceTree = "<group>"; };
		A4D7CD681ED5FCB6AA8EFFC0 /* Pods-Combine.debug.xcconfig */ = {isa = PBXFileReference; includeInIndex = 1; lastKnownFileType = text.xcconfig; name = "Pods-Combine.debug.xcconfig"; path = "Target Support Files/Pods-Combine/Pods-Combine.debug.xcconfig"; sourceTree = "<group>"; };
		B084534AF3E96177665FAAA0 /* Pods_Combine.framework */ = {isa = PBXFileReference; explicitFileType = wrapper.framework; includeInIndex = 0; path = Pods_Combine.framework; sourceTree = BUILT_PRODUCTS_DIR; };
		F253DFA554285848BF589DBA /* Pods-Combine.release.xcconfig */ = {isa = PBXFileReference; includeInIndex = 1; lastKnownFileType = text.xcconfig; name = "Pods-Combine.release.xcconfig"; path = "Target Support Files/Pods-Combine/Pods-Combine.release.xcconfig"; sourceTree = "<group>"; };
/* End PBXFileReference section */

/* Begin PBXFrameworksBuildPhase section */
		2FDC3EB023F7B1CA00C1837B /* Frameworks */ = {
			isa = PBXFrameworksBuildPhase;
			buildActionMask = 2147483647;
			files = (
				27D18B101026D0A478ED3920 /* Pods_Combine.framework in Frameworks */,
			);
			runOnlyForDeploymentPostprocessing = 0;
		};
/* End PBXFrameworksBuildPhase section */

/* Begin PBXGroup section */
		2FDC3EAA23F7B1CA00C1837B = {
			isa = PBXGroup;
			children = (
				2FDC3EB523F7B1CA00C1837B /* Combine */,
				2FDC3EB423F7B1CA00C1837B /* Products */,
				5EF2AD63EB609A4429952E7B /* Pods */,
				E179214B9F65F09287FFE7CE /* Frameworks */,
			);
			sourceTree = "<group>";
		};
		2FDC3EB423F7B1CA00C1837B /* Products */ = {
			isa = PBXGroup;
			children = (
				2FDC3EB323F7B1CA00C1837B /* Combine.app */,
			);
			name = Products;
			sourceTree = "<group>";
		};
		2FDC3EB523F7B1CA00C1837B /* Combine */ = {
			isa = PBXGroup;
			children = (
				2FDC3EB623F7B1CA00C1837B /* AppDelegate.swift */,
				2FDC3EB823F7B1CA00C1837B /* SceneDelegate.swift */,
				2FDC3EBA23F7B1CA00C1837B /* ContentView.swift */,
				2FDC3EBC23F7B1CD00C1837B /* Assets.xcassets */,
				2FDC3EC123F7B1CD00C1837B /* LaunchScreen.storyboard */,
				2FDC3EC423F7B1CD00C1837B /* Info.plist */,
				2FDC3EBE23F7B1CD00C1837B /* Preview Content */,
			);
			path = Combine;
			sourceTree = "<group>";
		};
		2FDC3EBE23F7B1CD00C1837B /* Preview Content */ = {
			isa = PBXGroup;
			children = (
				2FDC3EBF23F7B1CD00C1837B /* Preview Assets.xcassets */,
			);
			path = "Preview Content";
			sourceTree = "<group>";
		};
		5EF2AD63EB609A4429952E7B /* Pods */ = {
			isa = PBXGroup;
			children = (
				A4D7CD681ED5FCB6AA8EFFC0 /* Pods-Combine.debug.xcconfig */,
				F253DFA554285848BF589DBA /* Pods-Combine.release.xcconfig */,
			);
			name = Pods;
			path = Pods;
			sourceTree = "<group>";
		};
		E179214B9F65F09287FFE7CE /* Frameworks */ = {
			isa = PBXGroup;
			children = (
				B084534AF3E96177665FAAA0 /* Pods_Combine.framework */,
			);
			name = Frameworks;
			sourceTree = "<group>";
		};
/* End PBXGroup section */

/* Begin PBXNativeTarget section */
		2FDC3EB223F7B1CA00C1837B /* Combine */ = {
			isa = PBXNativeTarget;
			buildConfigurationList = 2FDC3EC723F7B1CD00C1837B /* Build configuration list for PBXNativeTarget "Combine" */;
			buildPhases = (
				3945E03E8BE890043A8F1F06 /* [CP] Check Pods Manifest.lock */,
				2FDC3EAF23F7B1CA00C1837B /* Sources */,
				2FDC3EB023F7B1CA00C1837B /* Frameworks */,
				2FDC3EB123F7B1CA00C1837B /* Resources */,
			);
			buildRules = (
			);
			dependencies = (
			);
			name = Combine;
			productName = Combine;
			productReference = 2FDC3EB323F7B1CA00C1837B /* Combine.app */;
			productType = "com.apple.product-type.application";
		};
/* End PBXNativeTarget section */

/* Begin PBXProject section */
		2FDC3EAB23F7B1CA00C1837B /* Project object */ = {
			isa = PBXProject;
			attributes = {
				LastSwiftUpdateCheck = 1130;
				LastUpgradeCheck = 1130;
				ORGANIZATIONNAME = "정승욱";
				TargetAttributes = {
					2FDC3EB223F7B1CA00C1837B = {
						CreatedOnToolsVersion = 11.3.1;
					};
				};
			};
			buildConfigurationList = 2FDC3EAE23F7B1CA00C1837B /* Build configuration list for PBXProject "Combine" */;
			compatibilityVersion = "Xcode 9.3";
			developmentRegion = en;
			hasScannedForEncodings = 0;
			knownRegions = (
				en,
				Base,
			);
			mainGroup = 2FDC3EAA23F7B1CA00C1837B;
			productRefGroup = 2FDC3EB423F7B1CA00C1837B /* Products */;
			projectDirPath = "";
			projectRoot = "";
			targets = (
				2FDC3EB223F7B1CA00C1837B /* Combine */,
			);
		};
/* End PBXProject section */

/* Begin PBXResourcesBuildPhase section */
		2FDC3EB123F7B1CA00C1837B /* Resources */ = {
			isa = PBXResourcesBuildPhase;
			buildActionMask = 2147483647;
			files = (
				2FDC3EC323F7B1CD00C1837B /* LaunchScreen.storyboard in Resources */,
				2FDC3EC023F7B1CD00C1837B /* Preview Assets.xcassets in Resources */,
				2FDC3EBD23F7B1CD00C1837B /* Assets.xcassets in Resources */,
			);
			runOnlyForDeploymentPostprocessing = 0;
		};
/* End PBXResourcesBuildPhase section */

/* Begin PBXShellScriptBuildPhase section */
		3945E03E8BE890043A8F1F06 /* [CP] Check Pods Manifest.lock */ = {
			isa = PBXShellScriptBuildPhase;
			buildActionMask = 2147483647;
			files = (
			);
			inputFileListPaths = (
			);
			inputPaths = (
				"${PODS_PODFILE_DIR_PATH}/Podfile.lock",
				"${PODS_ROOT}/Manifest.lock",
			);
			name = "[CP] Check Pods Manifest.lock";
			outputFileListPaths = (
			);
			outputPaths = (
				"$(DERIVED_FILE_DIR)/Pods-Combine-checkManifestLockResult.txt",
			);
			runOnlyForDeploymentPostprocessing = 0;
			shellPath = /bin/sh;
			shellScript = "diff \"${PODS_PODFILE_DIR_PATH}/Podfile.lock\" \"${PODS_ROOT}/Manifest.lock\" > /dev/null\nif [ $? != 0 ] ; then\n    # print error to STDERR\n    echo \"error: The sandbox is not in sync with the Podfile.lock. Run 'pod install' or update your CocoaPods installation.\" >&2\n    exit 1\nfi\n# This output is used by Xcode 'outputs' to avoid re-running this script phase.\necho \"SUCCESS\" > \"${SCRIPT_OUTPUT_FILE_0}\"\n";
			showEnvVarsInLog = 0;
		};
/* End PBXShellScriptBuildPhase section */

/* Begin PBXSourcesBuildPhase section */
		2FDC3EAF23F7B1CA00C1837B /* Sources */ = {
			isa = PBXSourcesBuildPhase;
			buildActionMask = 2147483647;
			files = (
				2FDC3EB723F7B1CA00C1837B /* AppDelegate.swift in Sources */,
				2FDC3EB923F7B1CA00C1837B /* SceneDelegate.swift in Sources */,
				2FDC3EBB23F7B1CA00C1837B /* ContentView.swift in Sources */,
			);
			runOnlyForDeploymentPostprocessing = 0;
		};
/* End PBXSourcesBuildPhase section */

/* Begin PBXVariantGroup section */
		2FDC3EC123F7B1CD00C1837B /* LaunchScreen.storyboard */ = {
			isa = PBXVariantGroup;
			children = (
				2FDC3EC223F7B1CD00C1837B /* Base */,
			);
			name = LaunchScreen.storyboard;
			sourceTree = "<group>";
		};
/* End PBXVariantGroup section */

/* Begin XCBuildConfiguration section */
		2FDC3EC523F7B1CD00C1837B /* Debug */ = {
			isa = XCBuildConfiguration;
			buildSettings = {
				ALWAYS_SEARCH_USER_PATHS = NO;
				CLANG_ANALYZER_NONNULL = YES;
				CLANG_ANALYZER_NUMBER_OBJECT_CONVERSION = YES_AGGRESSIVE;
				CLANG_CXX_LANGUAGE_STANDARD = "gnu++14";
				CLANG_CXX_LIBRARY = "libc++";
				CLANG_ENABLE_MODULES = YES;
				CLANG_ENABLE_OBJC_ARC = YES;
				CLANG_ENABLE_OBJC_WEAK = YES;
				CLANG_WARN_BLOCK_CAPTURE_AUTORELEASING = YES;
				CLANG_WARN_BOOL_CONVERSION = YES;
				CLANG_WARN_COMMA = YES;
				CLANG_WARN_CONSTANT_CONVERSION = YES;
				CLANG_WARN_DEPRECATED_OBJC_IMPLEMENTATIONS = YES;
				CLANG_WARN_DIRECT_OBJC_ISA_USAGE = YES_ERROR;
				CLANG_WARN_DOCUMENTATION_COMMENTS = YES;
				CLANG_WARN_EMPTY_BODY = YES;
				CLANG_WARN_ENUM_CONVERSION = YES;
				CLANG_WARN_INFINITE_RECURSION = YES;
				CLANG_WARN_INT_CONVERSION = YES;
				CLANG_WARN_NON_LITERAL_NULL_CONVERSION = YES;
				CLANG_WARN_OBJC_IMPLICIT_RETAIN_SELF = YES;
				CLANG_WARN_OBJC_LITERAL_CONVERSION = YES;
				CLANG_WARN_OBJC_ROOT_CLASS = YES_ERROR;
				CLANG_WARN_RANGE_LOOP_ANALYSIS = YES;
				CLANG_WARN_STRICT_PROTOTYPES = YES;
				CLANG_WARN_SUSPICIOUS_MOVE = YES;
				CLANG_WARN_UNGUARDED_AVAILABILITY = YES_AGGRESSIVE;
				CLANG_WARN_UNREACHABLE_CODE = YES;
				CLANG_WARN__DUPLICATE_METHOD_MATCH = YES;
				COPY_PHASE_STRIP = NO;
				DEBUG_INFORMATION_FORMAT = dwarf;
				ENABLE_STRICT_OBJC_MSGSEND = YES;
				ENABLE_TESTABILITY = YES;
				GCC_C_LANGUAGE_STANDARD = gnu11;
				GCC_DYNAMIC_NO_PIC = NO;
				GCC_NO_COMMON_BLOCKS = YES;
				GCC_OPTIMIZATION_LEVEL = 0;
				GCC_PREPROCESSOR_DEFINITIONS = (
					"DEBUG=1",
					"$(inherited)",
				);
				GCC_WARN_64_TO_32_BIT_CONVERSION = YES;
				GCC_WARN_ABOUT_RETURN_TYPE = YES_ERROR;
				GCC_WARN_UNDECLARED_SELECTOR = YES;
				GCC_WARN_UNINITIALIZED_AUTOS = YES_AGGRESSIVE;
				GCC_WARN_UNUSED_FUNCTION = YES;
				GCC_WARN_UNUSED_VARIABLE = YES;
				IPHONEOS_DEPLOYMENT_TARGET = 13.2;
				MTL_ENABLE_DEBUG_INFO = INCLUDE_SOURCE;
				MTL_FAST_MATH = YES;
				ONLY_ACTIVE_ARCH = YES;
				SDKROOT = iphoneos;
				SWIFT_ACTIVE_COMPILATION_CONDITIONS = DEBUG;
				SWIFT_OPTIMIZATION_LEVEL = "-Onone";
			};
			name = Debug;
		};
		2FDC3EC623F7B1CD00C1837B /* Release */ = {
			isa = XCBuildConfiguration;
			buildSettings = {
				ALWAYS_SEARCH_USER_PATHS = NO;
				CLANG_ANALYZER_NONNULL = YES;
				CLANG_ANALYZER_NUMBER_OBJECT_CONVERSION = YES_AGGRESSIVE;
				CLANG_CXX_LANGUAGE_STANDARD = "gnu++14";
				CLANG_CXX_LIBRARY = "libc++";
				CLANG_ENABLE_MODULES = YES;
				CLANG_ENABLE_OBJC_ARC = YES;
				CLANG_ENABLE_OBJC_WEAK = YES;
				CLANG_WARN_BLOCK_CAPTURE_AUTORELEASING = YES;
				CLANG_WARN_BOOL_CONVERSION = YES;
				CLANG_WARN_COMMA = YES;
				CLANG_WARN_CONSTANT_CONVERSION = YES;
				CLANG_WARN_DEPRECATED_OBJC_IMPLEMENTATIONS = YES;
				CLANG_WARN_DIRECT_OBJC_ISA_USAGE = YES_ERROR;
				CLANG_WARN_DOCUMENTATION_COMMENTS = YES;
				CLANG_WARN_EMPTY_BODY = YES;
				CLANG_WARN_ENUM_CONVERSION = YES;
				CLANG_WARN_INFINITE_RECURSION = YES;
				CLANG_WARN_INT_CONVERSION = YES;
				CLANG_WARN_NON_LITERAL_NULL_CONVERSION = YES;
				CLANG_WARN_OBJC_IMPLICIT_RETAIN_SELF = YES;
				CLANG_WARN_OBJC_LITERAL_CONVERSION = YES;
				CLANG_WARN_OBJC_ROOT_CLASS = YES_ERROR;
				CLANG_WARN_RANGE_LOOP_ANALYSIS = YES;
				CLANG_WARN_STRICT_PROTOTYPES = YES;
				CLANG_WARN_SUSPICIOUS_MOVE = YES;
				CLANG_WARN_UNGUARDED_AVAILABILITY = YES_AGGRESSIVE;
				CLANG_WARN_UNREACHABLE_CODE = YES;
				CLANG_WARN__DUPLICATE_METHOD_MATCH = YES;
				COPY_PHASE_STRIP = NO;
				DEBUG_INFORMATION_FORMAT = "dwarf-with-dsym";
				ENABLE_NS_ASSERTIONS = NO;
				ENABLE_STRICT_OBJC_MSGSEND = YES;
				GCC_C_LANGUAGE_STANDARD = gnu11;
				GCC_NO_COMMON_BLOCKS = YES;
				GCC_WARN_64_TO_32_BIT_CONVERSION = YES;
				GCC_WARN_ABOUT_RETURN_TYPE = YES_ERROR;
				GCC_WARN_UNDECLARED_SELECTOR = YES;
				GCC_WARN_UNINITIALIZED_AUTOS = YES_AGGRESSIVE;
				GCC_WARN_UNUSED_FUNCTION = YES;
				GCC_WARN_UNUSED_VARIABLE = YES;
				IPHONEOS_DEPLOYMENT_TARGET = 13.2;
				MTL_ENABLE_DEBUG_INFO = NO;
				MTL_FAST_MATH = YES;
				SDKROOT = iphoneos;
				SWIFT_COMPILATION_MODE = wholemodule;
				SWIFT_OPTIMIZATION_LEVEL = "-O";
				VALIDATE_PRODUCT = YES;
			};
			name = Release;
		};
		2FDC3EC823F7B1CD00C1837B /* Debug */ = {
			isa = XCBuildConfiguration;
			baseConfigurationReference = A4D7CD681ED5FCB6AA8EFFC0 /* Pods-Combine.debug.xcconfig */;
			buildSettings = {
				ASSETCATALOG_COMPILER_APPICON_NAME = AppIcon;
				CODE_SIGN_STYLE = Automatic;
				DEVELOPMENT_ASSET_PATHS = "\"Combine/Preview Content\"";
				DEVELOPMENT_TEAM = 94R4GZ63X7;
				ENABLE_PREVIEWS = YES;
				INFOPLIST_FILE = Combine/Info.plist;
				LD_RUNPATH_SEARCH_PATHS = (
					"$(inherited)",
					"@executable_path/Frameworks",
				);
				PRODUCT_BUNDLE_IDENTIFIER = com.sqoo.Combine;
				PRODUCT_NAME = "$(TARGET_NAME)";
				SWIFT_VERSION = 5.0;
				TARGETED_DEVICE_FAMILY = "1,2";
			};
			name = Debug;
		};
		2FDC3EC923F7B1CD00C1837B /* Release */ = {
			isa = XCBuildConfiguration;
			baseConfigurationReference = F253DFA554285848BF589DBA /* Pods-Combine.release.xcconfig */;
			buildSettings = {
				ASSETCATALOG_COMPILER_APPICON_NAME = AppIcon;
				CODE_SIGN_STYLE = Automatic;
				DEVELOPMENT_ASSET_PATHS = "\"Combine/Preview Content\"";
				DEVELOPMENT_TEAM = 94R4GZ63X7;
				ENABLE_PREVIEWS = YES;
				INFOPLIST_FILE = Combine/Info.plist;
				LD_RUNPATH_SEARCH_PATHS = (
					"$(inherited)",
					"@executable_path/Frameworks",
				);
				PRODUCT_BUNDLE_IDENTIFIER = com.sqoo.Combine;
				PRODUCT_NAME = "$(TARGET_NAME)";
				SWIFT_VERSION = 5.0;
				TARGETED_DEVICE_FAMILY = "1,2";
			};
			name = Release;
		};
/* End XCBuildConfiguration section */

/* Begin XCConfigurationList section */
		2FDC3EAE23F7B1CA00C1837B /* Build configuration list for PBXProject "Combine" */ = {
			isa = XCConfigurationList;
			buildConfigurations = (
				2FDC3EC523F7B1CD00C1837B /* Debug */,
				2FDC3EC623F7B1CD00C1837B /* Release */,
			);
			defaultConfigurationIsVisible = 0;
			defaultConfigurationName = Release;
		};
		2FDC3EC723F7B1CD00C1837B /* Build configuration list for PBXNativeTarget "Combine" */ = {
			isa = XCConfigurationList;
			buildConfigurations = (
				2FDC3EC823F7B1CD00C1837B /* Debug */,
				2FDC3EC923F7B1CD00C1837B /* Release */,
			);
			defaultConfigurationIsVisible = 0;
			defaultConfigurationName = Release;
		};
/* End XCConfigurationList section */
	};
	rootObject = 2FDC3EAB23F7B1CA00C1837B /* Project object */;
}
