// !$*UTF8*$!
{
	archiveVersion = 1;
	classes = {
	};
	objectVersion = 50;
	objects = {

/* Begin PBXBuildFile section */
		1B91D5DEF003062845961276 /* Pods_Kombine.framework in Frameworks */ = {isa = PBXBuildFile; fileRef = CF4AC12C391CD3BDE668FE5E /* Pods_Kombine.framework */; };
		2F73D332240539F700157EEA /* AppDelegate.swift in Sources */ = {isa = PBXBuildFile; fileRef = 2F73D331240539F700157EEA /* AppDelegate.swift */; };
		2F73D334240539F700157EEA /* SceneDelegate.swift in Sources */ = {isa = PBXBuildFile; fileRef = 2F73D333240539F700157EEA /* SceneDelegate.swift */; };
		2F73D336240539F700157EEA /* ContentView.swift in Sources */ = {isa = PBXBuildFile; fileRef = 2F73D335240539F700157EEA /* ContentView.swift */; };
		2F73D338240539F800157EEA /* Assets.xcassets in Resources */ = {isa = PBXBuildFile; fileRef = 2F73D337240539F800157EEA /* Assets.xcassets */; };
		2F73D33B240539F800157EEA /* Preview Assets.xcassets in Resources */ = {isa = PBXBuildFile; fileRef = 2F73D33A240539F800157EEA /* Preview Assets.xcassets */; };
		2F73D33E240539F800157EEA /* LaunchScreen.storyboard in Resources */ = {isa = PBXBuildFile; fileRef = 2F73D33C240539F800157EEA /* LaunchScreen.storyboard */; };
/* End PBXBuildFile section */

/* Begin PBXFileReference section */
		1A7A34A5A482EE09C8336CED /* Pods-Kombine.release.xcconfig */ = {isa = PBXFileReference; includeInIndex = 1; lastKnownFileType = text.xcconfig; name = "Pods-Kombine.release.xcconfig"; path = "Pods/Target Support Files/Pods-Kombine/Pods-Kombine.release.xcconfig"; sourceTree = "<group>"; };
		2F73D32E240539F700157EEA /* Kombine.app */ = {isa = PBXFileReference; explicitFileType = wrapper.application; includeInIndex = 0; path = Kombine.app; sourceTree = BUILT_PRODUCTS_DIR; };
		2F73D331240539F700157EEA /* AppDelegate.swift */ = {isa = PBXFileReference; lastKnownFileType = sourcecode.swift; path = AppDelegate.swift; sourceTree = "<group>"; };
		2F73D333240539F700157EEA /* SceneDelegate.swift */ = {isa = PBXFileReference; lastKnownFileType = sourcecode.swift; path = SceneDelegate.swift; sourceTree = "<group>"; };
		2F73D335240539F700157EEA /* ContentView.swift */ = {isa = PBXFileReference; lastKnownFileType = sourcecode.swift; path = ContentView.swift; sourceTree = "<group>"; };
		2F73D337240539F800157EEA /* Assets.xcassets */ = {isa = PBXFileReference; lastKnownFileType = folder.assetcatalog; path = Assets.xcassets; sourceTree = "<group>"; };
		2F73D33A240539F800157EEA /* Preview Assets.xcassets */ = {isa = PBXFileReference; lastKnownFileType = folder.assetcatalog; path = "Preview Assets.xcassets"; sourceTree = "<group>"; };
		2F73D33D240539F800157EEA /* Base */ = {isa = PBXFileReference; lastKnownFileType = file.storyboard; name = Base; path = Base.lproj/LaunchScreen.storyboard; sourceTree = "<group>"; };
		2F73D33F240539F800157EEA /* Info.plist */ = {isa = PBXFileReference; lastKnownFileType = text.plist.xml; path = Info.plist; sourceTree = "<group>"; };
		B1B6A081D6063ADA0FC43491 /* Pods-Kombine.debug.xcconfig */ = {isa = PBXFileReference; includeInIndex = 1; lastKnownFileType = text.xcconfig; name = "Pods-Kombine.debug.xcconfig"; path = "Pods/Target Support Files/Pods-Kombine/Pods-Kombine.debug.xcconfig"; sourceTree = "<group>"; };
		CF4AC12C391CD3BDE668FE5E /* Pods_Kombine.framework */ = {isa = PBXFileReference; explicitFileType = wrapper.framework; includeInIndex = 0; path = Pods_Kombine.framework; sourceTree = BUILT_PRODUCTS_DIR; };
/* End PBXFileReference section */

/* Begin PBXFrameworksBuildPhase section */
		2F73D32B240539F700157EEA /* Frameworks */ = {
			isa = PBXFrameworksBuildPhase;
			buildActionMask = 2147483647;
			files = (
				1B91D5DEF003062845961276 /* Pods_Kombine.framework in Frameworks */,
			);
			runOnlyForDeploymentPostprocessing = 0;
		};
/* End PBXFrameworksBuildPhase section */

/* Begin PBXGroup section */
		2F73D325240539F700157EEA = {
			isa = PBXGroup;
			children = (
				2F73D330240539F700157EEA /* Kombine */,
				2F73D32F240539F700157EEA /* Products */,
				86FBC3BE21E6D783B4DE2F42 /* Pods */,
				6E7A0865685B313806A067B0 /* Frameworks */,
			);
			sourceTree = "<group>";
		};
		2F73D32F240539F700157EEA /* Products */ = {
			isa = PBXGroup;
			children = (
				2F73D32E240539F700157EEA /* Kombine.app */,
			);
			name = Products;
			sourceTree = "<group>";
		};
		2F73D330240539F700157EEA /* Kombine */ = {
			isa = PBXGroup;
			children = (
				2F73D331240539F700157EEA /* AppDelegate.swift */,
				2F73D333240539F700157EEA /* SceneDelegate.swift */,
				2F73D335240539F700157EEA /* ContentView.swift */,
				2F73D337240539F800157EEA /* Assets.xcassets */,
				2F73D33C240539F800157EEA /* LaunchScreen.storyboard */,
				2F73D33F240539F800157EEA /* Info.plist */,
				2F73D339240539F800157EEA /* Preview Content */,
			);
			path = Kombine;
			sourceTree = "<group>";
		};
		2F73D339240539F800157EEA /* Preview Content */ = {
			isa = PBXGroup;
			children = (
				2F73D33A240539F800157EEA /* Preview Assets.xcassets */,
			);
			path = "Preview Content";
			sourceTree = "<group>";
		};
		6E7A0865685B313806A067B0 /* Frameworks */ = {
			isa = PBXGroup;
			children = (
				CF4AC12C391CD3BDE668FE5E /* Pods_Kombine.framework */,
			);
			name = Frameworks;
			sourceTree = "<group>";
		};
		86FBC3BE21E6D783B4DE2F42 /* Pods */ = {
			isa = PBXGroup;
			children = (
				B1B6A081D6063ADA0FC43491 /* Pods-Kombine.debug.xcconfig */,
				1A7A34A5A482EE09C8336CED /* Pods-Kombine.release.xcconfig */,
			);
			name = Pods;
			sourceTree = "<group>";
		};
/* End PBXGroup section */

/* Begin PBXNativeTarget section */
		2F73D32D240539F700157EEA /* Kombine */ = {
			isa = PBXNativeTarget;
			buildConfigurationList = 2F73D342240539F800157EEA /* Build configuration list for PBXNativeTarget "Kombine" */;
			buildPhases = (
				A596DAC100125F111499C983 /* [CP] Check Pods Manifest.lock */,
				2F73D32A240539F700157EEA /* Sources */,
				2F73D32B240539F700157EEA /* Frameworks */,
				2F73D32C240539F700157EEA /* Resources */,
			);
			buildRules = (
			);
			dependencies = (
			);
			name = Kombine;
			productName = Kombine;
			productReference = 2F73D32E240539F700157EEA /* Kombine.app */;
			productType = "com.apple.product-type.application";
		};
/* End PBXNativeTarget section */

/* Begin PBXProject section */
		2F73D326240539F700157EEA /* Project object */ = {
			isa = PBXProject;
			attributes = {
				LastSwiftUpdateCheck = 1130;
				LastUpgradeCheck = 1130;
				ORGANIZATIONNAME = "정승욱";
				TargetAttributes = {
					2F73D32D240539F700157EEA = {
						CreatedOnToolsVersion = 11.3.1;
					};
				};
			};
			buildConfigurationList = 2F73D329240539F700157EEA /* Build configuration list for PBXProject "Kombine" */;
			compatibilityVersion = "Xcode 9.3";
			developmentRegion = en;
			hasScannedForEncodings = 0;
			knownRegions = (
				en,
				Base,
			);
			mainGroup = 2F73D325240539F700157EEA;
			productRefGroup = 2F73D32F240539F700157EEA /* Products */;
			projectDirPath = "";
			projectRoot = "";
			targets = (
				2F73D32D240539F700157EEA /* Kombine */,
			);
		};
/* End PBXProject section */

/* Begin PBXResourcesBuildPhase section */
		2F73D32C240539F700157EEA /* Resources */ = {
			isa = PBXResourcesBuildPhase;
			buildActionMask = 2147483647;
			files = (
				2F73D33E240539F800157EEA /* LaunchScreen.storyboard in Resources */,
				2F73D33B240539F800157EEA /* Preview Assets.xcassets in Resources */,
				2F73D338240539F800157EEA /* Assets.xcassets in Resources */,
			);
			runOnlyForDeploymentPostprocessing = 0;
		};
/* End PBXResourcesBuildPhase section */

/* Begin PBXShellScriptBuildPhase section */
		A596DAC100125F111499C983 /* [CP] Check Pods Manifest.lock */ = {
			isa = PBXShellScriptBuildPhase;
			buildActionMask = 2147483647;
			files = (
			);
			inputFileListPaths = (
			);
			inputPaths = (
				"${PODS_PODFILE_DIR_PATH}/Podfile.lock",
				"${PODS_ROOT}/Manifest.lock",
			);
			name = "[CP] Check Pods Manifest.lock";
			outputFileListPaths = (
			);
			outputPaths = (
				"$(DERIVED_FILE_DIR)/Pods-Kombine-checkManifestLockResult.txt",
			);
			runOnlyForDeploymentPostprocessing = 0;
			shellPath = /bin/sh;
			shellScript = "diff \"${PODS_PODFILE_DIR_PATH}/Podfile.lock\" \"${PODS_ROOT}/Manifest.lock\" > /dev/null\nif [ $? != 0 ] ; then\n    # print error to STDERR\n    echo \"error: The sandbox is not in sync with the Podfile.lock. Run 'pod install' or update your CocoaPods installation.\" >&2\n    exit 1\nfi\n# This output is used by Xcode 'outputs' to avoid re-running this script phase.\necho \"SUCCESS\" > \"${SCRIPT_OUTPUT_FILE_0}\"\n";
			showEnvVarsInLog = 0;
		};
/* End PBXShellScriptBuildPhase section */

/* Begin PBXSourcesBuildPhase section */
		2F73D32A240539F700157EEA /* Sources */ = {
			isa = PBXSourcesBuildPhase;
			buildActionMask = 2147483647;
			files = (
				2F73D332240539F700157EEA /* AppDelegate.swift in Sources */,
				2F73D334240539F700157EEA /* SceneDelegate.swift in Sources */,
				2F73D336240539F700157EEA /* ContentView.swift in Sources */,
			);
			runOnlyForDeploymentPostprocessing = 0;
		};
/* End PBXSourcesBuildPhase section */

/* Begin PBXVariantGroup section */
		2F73D33C240539F800157EEA /* LaunchScreen.storyboard */ = {
			isa = PBXVariantGroup;
			children = (
				2F73D33D240539F800157EEA /* Base */,
			);
			name = LaunchScreen.storyboard;
			sourceTree = "<group>";
		};
/* End PBXVariantGroup section */

/* Begin XCBuildConfiguration section */
		2F73D340240539F800157EEA /* Debug */ = {
			isa = XCBuildConfiguration;
			buildSettings = {
				ALWAYS_SEARCH_USER_PATHS = NO;
				CLANG_ANALYZER_NONNULL = YES;
				CLANG_ANALYZER_NUMBER_OBJECT_CONVERSION = YES_AGGRESSIVE;
				CLANG_CXX_LANGUAGE_STANDARD = "gnu++14";
				CLANG_CXX_LIBRARY = "libc++";
				CLANG_ENABLE_MODULES = YES;
				CLANG_ENABLE_OBJC_ARC = YES;
				CLANG_ENABLE_OBJC_WEAK = YES;
				CLANG_WARN_BLOCK_CAPTURE_AUTORELEASING = YES;
				CLANG_WARN_BOOL_CONVERSION = YES;
				CLANG_WARN_COMMA = YES;
				CLANG_WARN_CONSTANT_CONVERSION = YES;
				CLANG_WARN_DEPRECATED_OBJC_IMPLEMENTATIONS = YES;
				CLANG_WARN_DIRECT_OBJC_ISA_USAGE = YES_ERROR;
				CLANG_WARN_DOCUMENTATION_COMMENTS = YES;
				CLANG_WARN_EMPTY_BODY = YES;
				CLANG_WARN_ENUM_CONVERSION = YES;
				CLANG_WARN_INFINITE_RECURSION = YES;
				CLANG_WARN_INT_CONVERSION = YES;
				CLANG_WARN_NON_LITERAL_NULL_CONVERSION = YES;
				CLANG_WARN_OBJC_IMPLICIT_RETAIN_SELF = YES;
				CLANG_WARN_OBJC_LITERAL_CONVERSION = YES;
				CLANG_WARN_OBJC_ROOT_CLASS = YES_ERROR;
				CLANG_WARN_RANGE_LOOP_ANALYSIS = YES;
				CLANG_WARN_STRICT_PROTOTYPES = YES;
				CLANG_WARN_SUSPICIOUS_MOVE = YES;
				CLANG_WARN_UNGUARDED_AVAILABILITY = YES_AGGRESSIVE;
				CLANG_WARN_UNREACHABLE_CODE = YES;
				CLANG_WARN__DUPLICATE_METHOD_MATCH = YES;
				COPY_PHASE_STRIP = NO;
				DEBUG_INFORMATION_FORMAT = dwarf;
				ENABLE_STRICT_OBJC_MSGSEND = YES;
				ENABLE_TESTABILITY = YES;
				GCC_C_LANGUAGE_STANDARD = gnu11;
				GCC_DYNAMIC_NO_PIC = NO;
				GCC_NO_COMMON_BLOCKS = YES;
				GCC_OPTIMIZATION_LEVEL = 0;
				GCC_PREPROCESSOR_DEFINITIONS = (
					"DEBUG=1",
					"$(inherited)",
				);
				GCC_WARN_64_TO_32_BIT_CONVERSION = YES;
				GCC_WARN_ABOUT_RETURN_TYPE = YES_ERROR;
				GCC_WARN_UNDECLARED_SELECTOR = YES;
				GCC_WARN_UNINITIALIZED_AUTOS = YES_AGGRESSIVE;
				GCC_WARN_UNUSED_FUNCTION = YES;
				GCC_WARN_UNUSED_VARIABLE = YES;
				IPHONEOS_DEPLOYMENT_TARGET = 13.2;
				MTL_ENABLE_DEBUG_INFO = INCLUDE_SOURCE;
				MTL_FAST_MATH = YES;
				ONLY_ACTIVE_ARCH = YES;
				SDKROOT = iphoneos;
				SWIFT_ACTIVE_COMPILATION_CONDITIONS = DEBUG;
				SWIFT_OPTIMIZATION_LEVEL = "-Onone";
			};
			name = Debug;
		};
		2F73D341240539F800157EEA /* Release */ = {
			isa = XCBuildConfiguration;
			buildSettings = {
				ALWAYS_SEARCH_USER_PATHS = NO;
				CLANG_ANALYZER_NONNULL = YES;
				CLANG_ANALYZER_NUMBER_OBJECT_CONVERSION = YES_AGGRESSIVE;
				CLANG_CXX_LANGUAGE_STANDARD = "gnu++14";
				CLANG_CXX_LIBRARY = "libc++";
				CLANG_ENABLE_MODULES = YES;
				CLANG_ENABLE_OBJC_ARC = YES;
				CLANG_ENABLE_OBJC_WEAK = YES;
				CLANG_WARN_BLOCK_CAPTURE_AUTORELEASING = YES;
				CLANG_WARN_BOOL_CONVERSION = YES;
				CLANG_WARN_COMMA = YES;
				CLANG_WARN_CONSTANT_CONVERSION = YES;
				CLANG_WARN_DEPRECATED_OBJC_IMPLEMENTATIONS = YES;
				CLANG_WARN_DIRECT_OBJC_ISA_USAGE = YES_ERROR;
				CLANG_WARN_DOCUMENTATION_COMMENTS = YES;
				CLANG_WARN_EMPTY_BODY = YES;
				CLANG_WARN_ENUM_CONVERSION = YES;
				CLANG_WARN_INFINITE_RECURSION = YES;
				CLANG_WARN_INT_CONVERSION = YES;
				CLANG_WARN_NON_LITERAL_NULL_CONVERSION = YES;
				CLANG_WARN_OBJC_IMPLICIT_RETAIN_SELF = YES;
				CLANG_WARN_OBJC_LITERAL_CONVERSION = YES;
				CLANG_WARN_OBJC_ROOT_CLASS = YES_ERROR;
				CLANG_WARN_RANGE_LOOP_ANALYSIS = YES;
				CLANG_WARN_STRICT_PROTOTYPES = YES;
				CLANG_WARN_SUSPICIOUS_MOVE = YES;
				CLANG_WARN_UNGUARDED_AVAILABILITY = YES_AGGRESSIVE;
				CLANG_WARN_UNREACHABLE_CODE = YES;
				CLANG_WARN__DUPLICATE_METHOD_MATCH = YES;
				COPY_PHASE_STRIP = NO;
				DEBUG_INFORMATION_FORMAT = "dwarf-with-dsym";
				ENABLE_NS_ASSERTIONS = NO;
				ENABLE_STRICT_OBJC_MSGSEND = YES;
				GCC_C_LANGUAGE_STANDARD = gnu11;
				GCC_NO_COMMON_BLOCKS = YES;
				GCC_WARN_64_TO_32_BIT_CONVERSION = YES;
				GCC_WARN_ABOUT_RETURN_TYPE = YES_ERROR;
				GCC_WARN_UNDECLARED_SELECTOR = YES;
				GCC_WARN_UNINITIALIZED_AUTOS = YES_AGGRESSIVE;
				GCC_WARN_UNUSED_FUNCTION = YES;
				GCC_WARN_UNUSED_VARIABLE = YES;
				IPHONEOS_DEPLOYMENT_TARGET = 13.2;
				MTL_ENABLE_DEBUG_INFO = NO;
				MTL_FAST_MATH = YES;
				SDKROOT = iphoneos;
				SWIFT_COMPILATION_MODE = wholemodule;
				SWIFT_OPTIMIZATION_LEVEL = "-O";
				VALIDATE_PRODUCT = YES;
			};
			name = Release;
		};
		2F73D343240539F800157EEA /* Debug */ = {
			isa = XCBuildConfiguration;
			baseConfigurationReference = B1B6A081D6063ADA0FC43491 /* Pods-Kombine.debug.xcconfig */;
			buildSettings = {
				ASSETCATALOG_COMPILER_APPICON_NAME = AppIcon;
				CODE_SIGN_STYLE = Automatic;
				DEVELOPMENT_ASSET_PATHS = "\"Kombine/Preview Content\"";
				DEVELOPMENT_TEAM = 94R4GZ63X7;
				ENABLE_PREVIEWS = YES;
				INFOPLIST_FILE = Kombine/Info.plist;
				LD_RUNPATH_SEARCH_PATHS = (
					"$(inherited)",
					"@executable_path/Frameworks",
				);
				PRODUCT_BUNDLE_IDENTIFIER = com.slkj.Kombine;
				PRODUCT_NAME = "$(TARGET_NAME)";
				SWIFT_VERSION = 5.0;
				TARGETED_DEVICE_FAMILY = "1,2";
			};
			name = Debug;
		};
		2F73D344240539F800157EEA /* Release */ = {
			isa = XCBuildConfiguration;
			baseConfigurationReference = 1A7A34A5A482EE09C8336CED /* Pods-Kombine.release.xcconfig */;
			buildSettings = {
				ASSETCATALOG_COMPILER_APPICON_NAME = AppIcon;
				CODE_SIGN_STYLE = Automatic;
				DEVELOPMENT_ASSET_PATHS = "\"Kombine/Preview Content\"";
				DEVELOPMENT_TEAM = 94R4GZ63X7;
				ENABLE_PREVIEWS = YES;
				INFOPLIST_FILE = Kombine/Info.plist;
				LD_RUNPATH_SEARCH_PATHS = (
					"$(inherited)",
					"@executable_path/Frameworks",
				);
				PRODUCT_BUNDLE_IDENTIFIER = com.slkj.Kombine;
				PRODUCT_NAME = "$(TARGET_NAME)";
				SWIFT_VERSION = 5.0;
				TARGETED_DEVICE_FAMILY = "1,2";
			};
			name = Release;
		};
/* End XCBuildConfiguration section */

/* Begin XCConfigurationList section */
		2F73D329240539F700157EEA /* Build configuration list for PBXProject "Kombine" */ = {
			isa = XCConfigurationList;
			buildConfigurations = (
				2F73D340240539F800157EEA /* Debug */,
				2F73D341240539F800157EEA /* Release */,
			);
			defaultConfigurationIsVisible = 0;
			defaultConfigurationName = Release;
		};
		2F73D342240539F800157EEA /* Build configuration list for PBXNativeTarget "Kombine" */ = {
			isa = XCConfigurationList;
			buildConfigurations = (
				2F73D343240539F800157EEA /* Debug */,
				2F73D344240539F800157EEA /* Release */,
			);
			defaultConfigurationIsVisible = 0;
			defaultConfigurationName = Release;
		};
/* End XCConfigurationList section */
	};
	rootObject = 2F73D326240539F700157EEA /* Project object */;
}
